
Microsoft Visual Studio Solution File, Format Version 12.00
# Visual Studio Version 16
VisualStudioVersion = 16.0.32106.194
MinimumVisualStudioVersion = 10.0.40219.1
Project("{FAE04EC0-301F-11D3-BF4B-00C04F79EFBC}") = "01.DefineAnInterfaceIPerson", "Interfaces and Abstraction - Exercise\01.DefineAnInterfaceIPerson.csproj", "{3D3AED07-47F7-4804-B532-A9E177B61CC9}"
EndProject
Project("{FAE04EC0-301F-11D3-BF4B-00C04F79EFBC}") = "02.MultipleImplementation", "02.MultipleImplementation\02.MultipleImplementation.csproj", "{95324959-02E8-4161-8556-5A131185983E}"
EndProject
Project("{FAE04EC0-301F-11D3-BF4B-00C04F79EFBC}") = "03.Telephony", "03.Telephony\03.Telephony.csproj", "{5CED0AC7-4405-4CAD-8C90-CFD32CA14B80}"
EndProject
Global
	GlobalSection(SolutionConfigurationPlatforms) = preSolution
		Debug|Any CPU = Debug|Any CPU
		Release|Any CPU = Release|Any CPU
	EndGlobalSection
	GlobalSection(ProjectConfigurationPlatforms) = postSolution
		{3D3AED07-47F7-4804-B532-A9E177B61CC9}.Debug|Any CPU.ActiveCfg = Debug|Any CPU
		{3D3AED07-47F7-4804-B532-A9E177B61CC9}.Debug|Any CPU.Build.0 = Debug|Any CPU
		{3D3AED07-47F7-4804-B532-A9E177B61CC9}.Release|Any CPU.ActiveCfg = Release|Any CPU
		{3D3AED07-47F7-4804-B532-A9E177B61CC9}.Release|Any CPU.Build.0 = Release|Any CPU
		{95324959-02E8-4161-8556-5A131185983E}.Debug|Any CPU.ActiveCfg = Debug|Any CPU
		{95324959-02E8-4161-8556-5A131185983E}.Debug|Any CPU.Build.0 = Debug|Any CPU
		{95324959-02E8-4161-8556-5A131185983E}.Release|Any CPU.ActiveCfg = Release|Any CPU
		{95324959-02E8-4161-8556-5A131185983E}.Release|Any CPU.Build.0 = Release|Any CPU
		{5CED0AC7-4405-4CAD-8C90-CFD32CA14B80}.Debug|Any CPU.ActiveCfg = Debug|Any CPU
		{5CED0AC7-4405-4CAD-8C90-CFD32CA14B80}.Debug|Any CPU.Build.0 = Debug|Any CPU
		{5CED0AC7-4405-4CAD-8C90-CFD32CA14B80}.Release|Any CPU.ActiveCfg = Release|Any CPU
		{5CED0AC7-4405-4CAD-8C90-CFD32CA14B80}.Release|Any CPU.Build.0 = Release|Any CPU
	EndGlobalSection
	GlobalSection(SolutionProperties) = preSolution
		HideSolutionNode = FALSE
	EndGlobalSection
	GlobalSection(ExtensibilityGlobals) = postSolution
		SolutionGuid = {BA660CF6-55B1-46E1-BE11-4B1A6DCEC91C}
	EndGlobalSection
EndGlobal
